
Microsoft Visual Studio Solution File, Format Version 12.00
# Visual Studio 2013
VisualStudioVersion = 12.0.21005.1
MinimumVisualStudioVersion = 10.0.40219.1
Project("{FAE04EC0-301F-11D3-BF4B-00C04F79EFBC}") = "MJS.Framework.Win", "MJS.Framework.Win\MJS.Framework.Win.csproj", "{EF0B58C5-84EE-41E3-AFD0-639C834059DB}"
EndProject
Project("{FAE04EC0-301F-11D3-BF4B-00C04F79EFBC}") = "MJS.Framework.Base", "MJS.Framework.Base\MJS.Framework.Base.csproj", "{5F6D341F-4F0F-4A47-B4D2-7BDFBD88085E}"
EndProject
Project("{FAE04EC0-301F-11D3-BF4B-00C04F79EFBC}") = "MJS.Framework.Data", "MJS.Framework.Data\MJS.Framework.Data.csproj", "{1A83B394-E61B-4730-80EF-ED6AC00820B1}"
EndProject
Project("{FAE04EC0-301F-11D3-BF4B-00C04F79EFBC}") = "MJS.Framework.Communication", "MJS.Framework.Communication\MJS.Framework.Communication.csproj", "{DE54FDAD-E31A-4A6B-A9FE-41E09B043836}"
EndProject
Project("{FAE04EC0-301F-11D3-BF4B-00C04F79EFBC}") = "MJS.Framework.Game", "MJS.Framework.Game\MJS.Framework.Game.csproj", "{0EF821C3-13B9-4E7C-9489-4C5A3A2977B3}"
EndProject
Project("{FAE04EC0-301F-11D3-BF4B-00C04F79EFBC}") = "MJS.Framework.Web", "MJS.Framework.Web\MJS.Framework.Web.csproj", "{E3322220-FC78-44AF-824D-E21B7B1523D5}"
EndProject
Project("{FAE04EC0-301F-11D3-BF4B-00C04F79EFBC}") = "MJS.Framework.View", "MJS.Framework.View\MJS.Framework.View.csproj", "{5DFD0F6D-2FE1-412D-BB26-EEF79C2FC0D7}"
EndProject
Global
	GlobalSection(SolutionConfigurationPlatforms) = preSolution
		Debug|Any CPU = Debug|Any CPU
		Release|Any CPU = Release|Any CPU
	EndGlobalSection
	GlobalSection(ProjectConfigurationPlatforms) = postSolution
		{EF0B58C5-84EE-41E3-AFD0-639C834059DB}.Debug|Any CPU.ActiveCfg = Debug|Any CPU
		{EF0B58C5-84EE-41E3-AFD0-639C834059DB}.Debug|Any CPU.Build.0 = Debug|Any CPU
		{EF0B58C5-84EE-41E3-AFD0-639C834059DB}.Release|Any CPU.ActiveCfg = Release|Any CPU
		{EF0B58C5-84EE-41E3-AFD0-639C834059DB}.Release|Any CPU.Build.0 = Release|Any CPU
		{5F6D341F-4F0F-4A47-B4D2-7BDFBD88085E}.Debug|Any CPU.ActiveCfg = Debug|Any CPU
		{5F6D341F-4F0F-4A47-B4D2-7BDFBD88085E}.Debug|Any CPU.Build.0 = Debug|Any CPU
		{5F6D341F-4F0F-4A47-B4D2-7BDFBD88085E}.Release|Any CPU.ActiveCfg = Release|Any CPU
		{5F6D341F-4F0F-4A47-B4D2-7BDFBD88085E}.Release|Any CPU.Build.0 = Release|Any CPU
		{1A83B394-E61B-4730-80EF-ED6AC00820B1}.Debug|Any CPU.ActiveCfg = Debug|Any CPU
		{1A83B394-E61B-4730-80EF-ED6AC00820B1}.Debug|Any CPU.Build.0 = Debug|Any CPU
		{1A83B394-E61B-4730-80EF-ED6AC00820B1}.Release|Any CPU.ActiveCfg = Release|Any CPU
		{1A83B394-E61B-4730-80EF-ED6AC00820B1}.Release|Any CPU.Build.0 = Release|Any CPU
		{DE54FDAD-E31A-4A6B-A9FE-41E09B043836}.Debug|Any CPU.ActiveCfg = Debug|Any CPU
		{DE54FDAD-E31A-4A6B-A9FE-41E09B043836}.Debug|Any CPU.Build.0 = Debug|Any CPU
		{DE54FDAD-E31A-4A6B-A9FE-41E09B043836}.Release|Any CPU.ActiveCfg = Release|Any CPU
		{DE54FDAD-E31A-4A6B-A9FE-41E09B043836}.Release|Any CPU.Build.0 = Release|Any CPU
		{0EF821C3-13B9-4E7C-9489-4C5A3A2977B3}.Debug|Any CPU.ActiveCfg = Debug|Any CPU
		{0EF821C3-13B9-4E7C-9489-4C5A3A2977B3}.Debug|Any CPU.Build.0 = Debug|Any CPU
		{0EF821C3-13B9-4E7C-9489-4C5A3A2977B3}.Release|Any CPU.ActiveCfg = Release|Any CPU
		{0EF821C3-13B9-4E7C-9489-4C5A3A2977B3}.Release|Any CPU.Build.0 = Release|Any CPU
		{E3322220-FC78-44AF-824D-E21B7B1523D5}.Debug|Any CPU.ActiveCfg = Debug|Any CPU
		{E3322220-FC78-44AF-824D-E21B7B1523D5}.Debug|Any CPU.Build.0 = Debug|Any CPU
		{E3322220-FC78-44AF-824D-E21B7B1523D5}.Release|Any CPU.ActiveCfg = Release|Any CPU
		{E3322220-FC78-44AF-824D-E21B7B1523D5}.Release|Any CPU.Build.0 = Release|Any CPU
		{5DFD0F6D-2FE1-412D-BB26-EEF79C2FC0D7}.Debug|Any CPU.ActiveCfg = Debug|Any CPU
		{5DFD0F6D-2FE1-412D-BB26-EEF79C2FC0D7}.Debug|Any CPU.Build.0 = Debug|Any CPU
		{5DFD0F6D-2FE1-412D-BB26-EEF79C2FC0D7}.Release|Any CPU.ActiveCfg = Release|Any CPU
		{5DFD0F6D-2FE1-412D-BB26-EEF79C2FC0D7}.Release|Any CPU.Build.0 = Release|Any CPU
	EndGlobalSection
	GlobalSection(SolutionProperties) = preSolution
		HideSolutionNode = FALSE
	EndGlobalSection
EndGlobal
